
Microsoft Visual Studio Solution File, Format Version 11.00
# Visual Studio 2010
Project("{FAE04EC0-301F-11D3-BF4B-00C04F79EFBC}") = "Assembly-CSharp", "Assembly-CSharp.csproj", "{17FD72D1-A796-D0E4-C9E5-371FF358C5EE}"
EndProject
Global
	GlobalSection(SolutionConfigurationPlatforms) = preSolution
		Debug|Any CPU = Debug|Any CPU
		Release|Any CPU = Release|Any CPU
	EndGlobalSection
	GlobalSection(ProjectConfigurationPlatforms) = postSolution
		{17FD72D1-A796-D0E4-C9E5-371FF358C5EE}.Debug|Any CPU.ActiveCfg = Debug|Any CPU
		{17FD72D1-A796-D0E4-C9E5-371FF358C5EE}.Debug|Any CPU.Build.0 = Debug|Any CPU
		{17FD72D1-A796-D0E4-C9E5-371FF358C5EE}.Release|Any CPU.ActiveCfg = Release|Any CPU
		{17FD72D1-A796-D0E4-C9E5-371FF358C5EE}.Release|Any CPU.Build.0 = Release|Any CPU
	EndGlobalSection
	GlobalSection(SolutionProperties) = preSolution
		HideSolutionNode = FALSE
	EndGlobalSection
	GlobalSection(MonoDevelopProperties) = preSolution
		StartupItem = Assembly-CSharp.csproj
	EndGlobalSection
EndGlobal
